
Microsoft Visual Studio Solution File, Format Version 12.00
# Visual Studio 14
VisualStudioVersion = 14.0.24720.0
MinimumVisualStudioVersion = 10.0.40219.1
Project("{FAE04EC0-301F-11D3-BF4B-00C04F79EFBC}") = "1.PrintingNumbers", "1.PrintingNumbers\1.PrintingNumbers.csproj", "{5F9A79F0-DE8B-4AE5-BEFB-BA9AD624E627}"
EndProject
Project("{FAE04EC0-301F-11D3-BF4B-00C04F79EFBC}") = "2. Power", "2. Power\2. Power.csproj", "{845EC188-F7CC-42EE-B923-4134BEBB7661}"
EndProject
Project("{FAE04EC0-301F-11D3-BF4B-00C04F79EFBC}") = "3. Integers", "3. Integers\3. Integers.csproj", "{F5EDFDB7-CDA8-473A-9D24-86E1F58418D1}"
EndProject
Global
	GlobalSection(SolutionConfigurationPlatforms) = preSolution
		Debug|Any CPU = Debug|Any CPU
		Release|Any CPU = Release|Any CPU
	EndGlobalSection
	GlobalSection(ProjectConfigurationPlatforms) = postSolution
		{5F9A79F0-DE8B-4AE5-BEFB-BA9AD624E627}.Debug|Any CPU.ActiveCfg = Debug|Any CPU
		{5F9A79F0-DE8B-4AE5-BEFB-BA9AD624E627}.Debug|Any CPU.Build.0 = Debug|Any CPU
		{5F9A79F0-DE8B-4AE5-BEFB-BA9AD624E627}.Release|Any CPU.ActiveCfg = Release|Any CPU
		{5F9A79F0-DE8B-4AE5-BEFB-BA9AD624E627}.Release|Any CPU.Build.0 = Release|Any CPU
		{845EC188-F7CC-42EE-B923-4134BEBB7661}.Debug|Any CPU.ActiveCfg = Debug|Any CPU
		{845EC188-F7CC-42EE-B923-4134BEBB7661}.Debug|Any CPU.Build.0 = Debug|Any CPU
		{845EC188-F7CC-42EE-B923-4134BEBB7661}.Release|Any CPU.ActiveCfg = Release|Any CPU
		{845EC188-F7CC-42EE-B923-4134BEBB7661}.Release|Any CPU.Build.0 = Release|Any CPU
		{F5EDFDB7-CDA8-473A-9D24-86E1F58418D1}.Debug|Any CPU.ActiveCfg = Debug|Any CPU
		{F5EDFDB7-CDA8-473A-9D24-86E1F58418D1}.Debug|Any CPU.Build.0 = Debug|Any CPU
		{F5EDFDB7-CDA8-473A-9D24-86E1F58418D1}.Release|Any CPU.ActiveCfg = Release|Any CPU
		{F5EDFDB7-CDA8-473A-9D24-86E1F58418D1}.Release|Any CPU.Build.0 = Release|Any CPU
	EndGlobalSection
	GlobalSection(SolutionProperties) = preSolution
		HideSolutionNode = FALSE
	EndGlobalSection
EndGlobal
